
Microsoft Visual Studio Solution File, Format Version 12.00
# Visual Studio Version 17
VisualStudioVersion = 17.0.31903.59
MinimumVisualStudioVersion = 10.0.40219.1
Project("{FAE04EC0-301F-11D3-BF4B-00C04F79EFBC}") = "API", "API\API.csproj", "{D65AC668-DE0F-429D-8B13-9E1998E00BCA}"
EndProject
Project("{FAE04EC0-301F-11D3-BF4B-00C04F79EFBC}") = "Core", "Core\Core.csproj", "{BC53370A-874A-479B-BE56-51A3C26FA420}"
EndProject
Project("{FAE04EC0-301F-11D3-BF4B-00C04F79EFBC}") = "Infrastructure", "Infrastructure\Infrastructure.csproj", "{75081E14-B7E1-4AC9-9A0C-20F3D4D9FAD4}"
EndProject
Global
	GlobalSection(SolutionConfigurationPlatforms) = preSolution
		Debug|Any CPU = Debug|Any CPU
		Debug|x64 = Debug|x64
		Debug|x86 = Debug|x86
		Release|Any CPU = Release|Any CPU
		Release|x64 = Release|x64
		Release|x86 = Release|x86
	EndGlobalSection
	GlobalSection(ProjectConfigurationPlatforms) = postSolution
		{D65AC668-DE0F-429D-8B13-9E1998E00BCA}.Debug|Any CPU.ActiveCfg = Debug|Any CPU
		{D65AC668-DE0F-429D-8B13-9E1998E00BCA}.Debug|Any CPU.Build.0 = Debug|Any CPU
		{D65AC668-DE0F-429D-8B13-9E1998E00BCA}.Debug|x64.ActiveCfg = Debug|Any CPU
		{D65AC668-DE0F-429D-8B13-9E1998E00BCA}.Debug|x64.Build.0 = Debug|Any CPU
		{D65AC668-DE0F-429D-8B13-9E1998E00BCA}.Debug|x86.ActiveCfg = Debug|Any CPU
		{D65AC668-DE0F-429D-8B13-9E1998E00BCA}.Debug|x86.Build.0 = Debug|Any CPU
		{D65AC668-DE0F-429D-8B13-9E1998E00BCA}.Release|Any CPU.ActiveCfg = Release|Any CPU
		{D65AC668-DE0F-429D-8B13-9E1998E00BCA}.Release|Any CPU.Build.0 = Release|Any CPU
		{D65AC668-DE0F-429D-8B13-9E1998E00BCA}.Release|x64.ActiveCfg = Release|Any CPU
		{D65AC668-DE0F-429D-8B13-9E1998E00BCA}.Release|x64.Build.0 = Release|Any CPU
		{D65AC668-DE0F-429D-8B13-9E1998E00BCA}.Release|x86.ActiveCfg = Release|Any CPU
		{D65AC668-DE0F-429D-8B13-9E1998E00BCA}.Release|x86.Build.0 = Release|Any CPU
		{BC53370A-874A-479B-BE56-51A3C26FA420}.Debug|Any CPU.ActiveCfg = Debug|Any CPU
		{BC53370A-874A-479B-BE56-51A3C26FA420}.Debug|Any CPU.Build.0 = Debug|Any CPU
		{BC53370A-874A-479B-BE56-51A3C26FA420}.Debug|x64.ActiveCfg = Debug|Any CPU
		{BC53370A-874A-479B-BE56-51A3C26FA420}.Debug|x64.Build.0 = Debug|Any CPU
		{BC53370A-874A-479B-BE56-51A3C26FA420}.Debug|x86.ActiveCfg = Debug|Any CPU
		{BC53370A-874A-479B-BE56-51A3C26FA420}.Debug|x86.Build.0 = Debug|Any CPU
		{BC53370A-874A-479B-BE56-51A3C26FA420}.Release|Any CPU.ActiveCfg = Release|Any CPU
		{BC53370A-874A-479B-BE56-51A3C26FA420}.Release|Any CPU.Build.0 = Release|Any CPU
		{BC53370A-874A-479B-BE56-51A3C26FA420}.Release|x64.ActiveCfg = Release|Any CPU
		{BC53370A-874A-479B-BE56-51A3C26FA420}.Release|x64.Build.0 = Release|Any CPU
		{BC53370A-874A-479B-BE56-51A3C26FA420}.Release|x86.ActiveCfg = Release|Any CPU
		{BC53370A-874A-479B-BE56-51A3C26FA420}.Release|x86.Build.0 = Release|Any CPU
		{75081E14-B7E1-4AC9-9A0C-20F3D4D9FAD4}.Debug|Any CPU.ActiveCfg = Debug|Any CPU
		{75081E14-B7E1-4AC9-9A0C-20F3D4D9FAD4}.Debug|Any CPU.Build.0 = Debug|Any CPU
		{75081E14-B7E1-4AC9-9A0C-20F3D4D9FAD4}.Debug|x64.ActiveCfg = Debug|Any CPU
		{75081E14-B7E1-4AC9-9A0C-20F3D4D9FAD4}.Debug|x64.Build.0 = Debug|Any CPU
		{75081E14-B7E1-4AC9-9A0C-20F3D4D9FAD4}.Debug|x86.ActiveCfg = Debug|Any CPU
		{75081E14-B7E1-4AC9-9A0C-20F3D4D9FAD4}.Debug|x86.Build.0 = Debug|Any CPU
		{75081E14-B7E1-4AC9-9A0C-20F3D4D9FAD4}.Release|Any CPU.ActiveCfg = Release|Any CPU
		{75081E14-B7E1-4AC9-9A0C-20F3D4D9FAD4}.Release|Any CPU.Build.0 = Release|Any CPU
		{75081E14-B7E1-4AC9-9A0C-20F3D4D9FAD4}.Release|x64.ActiveCfg = Release|Any CPU
		{75081E14-B7E1-4AC9-9A0C-20F3D4D9FAD4}.Release|x64.Build.0 = Release|Any CPU
		{75081E14-B7E1-4AC9-9A0C-20F3D4D9FAD4}.Release|x86.ActiveCfg = Release|Any CPU
		{75081E14-B7E1-4AC9-9A0C-20F3D4D9FAD4}.Release|x86.Build.0 = Release|Any CPU
	EndGlobalSection
	GlobalSection(SolutionProperties) = preSolution
		HideSolutionNode = FALSE
	EndGlobalSection
EndGlobal
